{
  "name": "@curi/svelte",
  "version": "1.0.0-beta.1",
  "lockfileVersion": 1,
  "requires": true,
  "dependencies": {
    "svelte": {
      "version": "1.49.3",
      "resolved": "https://registry.npmjs.org/svelte/-/svelte-1.49.3.tgz",
      "integrity": "sha512-YYaRaSRXjeUeDOgWrbCQqw7sG3nzZVXvL2+62fvj6HbTtCsd3dFhwLTu+fpUv1NOMVdi8khW96J3XwC7VE2ApA==",
      "dev": true
    },
    "svelte-cli": {
      "version": "1.4.0",
      "resolved": "https://registry.npmjs.org/svelte-cli/-/svelte-cli-1.4.0.tgz",
      "integrity": "sha512-NV3+Z3xAHQzBd/Mn+kDWYqaqlW49alHy6CZakMEA0sYWUPMLy9FvByOlZ6TcquJop33zX32S7MTetFti4lEcWA==",
      "dev": true,
      "requires": {
        "svelte": "1.49.3"
      }
    }
  }
}
