{
  "requires": true,
  "lockfileVersion": 1,
  "dependencies": {
    "prettier": {
      "version": "1.10.2",
      "resolved": "https://registry.npmjs.org/prettier/-/prettier-1.10.2.tgz",
      "integrity": "sha512-TcdNoQIWFoHblurqqU6d1ysopjq7UX0oRcT/hJ8qvBAELiYWn+Ugf0AXdnzISEJ7vuhNnQ98N8jR8Sh53x4IZg=="
    },
    "svelte": {
      "version": "1.49.3",
      "resolved": "https://registry.npmjs.org/svelte/-/svelte-1.49.3.tgz",
      "integrity": "sha512-YYaRaSRXjeUeDOgWrbCQqw7sG3nzZVXvL2+62fvj6HbTtCsd3dFhwLTu+fpUv1NOMVdi8khW96J3XwC7VE2ApA=="
    }
  }
}
