{
  "requires": true,
  "lockfileVersion": 1,
  "dependencies": {
    "svelte": {
      "version": "1.43.1",
      "resolved": "https://registry.npmjs.org/svelte/-/svelte-1.43.1.tgz",
      "integrity": "sha512-vANsUpTXfYRKpmm0IxE518tvVNqNzcoZqeFXfzDINCE2kpLogiawgFaGK4HQ2rH9Ij0bKMLj4kzGdw1IQDw4VA=="
    }
  }
}
