{
	"name": "@curi-example/basic-svelte",
	"requires": true,
	"lockfileVersion": 1,
	"dependencies": {
		"svelte": {
			"version": "2.16.0",
			"resolved": "https://registry.npmjs.org/svelte/-/svelte-2.16.0.tgz",
			"integrity": "sha512-1x1zCZpNnuwQdH+9tTeM0QYv33TVEFIxrrd88Mv80EcaomIlA9IvFLIThc8OFsCMHwrjllbIRNmsVfwlOxI7MA==",
			"dev": true
		}
	}
}
