{
  "requires": true,
  "lockfileVersion": 1,
  "dependencies": {
    "svelte": {
      "version": "2.8.1",
      "resolved": "https://registry.npmjs.org/svelte/-/svelte-2.8.1.tgz",
      "integrity": "sha512-xLukMmBQDA+joU8x5jxsnv0qF7sbOst2L3lbfnRyqPqUJ4rlpVkZk4Pktbp0gMU5n7FlHYSDhpCQCMPqP8xW8w=="
    }
  }
}
