{
  "lockfileVersion": 1,
  "dependencies": {
    "curi": {
      "version": "0.7.5",
      "resolved": "https://registry.npmjs.org/curi/-/curi-0.7.5.tgz",
      "integrity": "sha1-AFAycCAEOh8irrZoH41D0BrWH4o=",
      "dependencies": {
        "isarray": {
          "version": "0.0.1",
          "resolved": "https://registry.npmjs.org/isarray/-/isarray-0.0.1.tgz",
          "integrity": "sha1-ihis/Kmo9Bd+Cav8YDiTmwXR7t8="
        },
        "path-to-regexp": {
          "version": "1.7.0",
          "resolved": "https://registry.npmjs.org/path-to-regexp/-/path-to-regexp-1.7.0.tgz",
          "integrity": "sha1-Wf3g9DW62suhA6hOnTvGTpa5k30="
        }
      }
    }
  }
}
