{
  "name": "curi-redux-example",
  "version": "0.1.0",
  "lockfileVersion": 1,
  "requires": true,
  "dependencies": {
    "@curi/addon-active": {
      "version": "1.0.0-beta.3",
      "resolved": "https://registry.npmjs.org/@curi/addon-active/-/addon-active-1.0.0-beta.3.tgz",
      "integrity": "sha512-RMnnlCmd3NFPhKD8QSo8wSXJ6Nedu6miP78DeavuIroIeQXRjYXSOHrzJIP1k8fnLVXIDdGP1dKuUTMJvvwApA=="
    },
    "@curi/core": {
      "version": "1.0.0-beta.3",
      "resolved": "https://registry.npmjs.org/@curi/core/-/core-1.0.0-beta.3.tgz",
      "integrity": "sha512-0Gfpe2hvXgLZoBNJcbh8QZn9JR04PqQAGEV/AtJ6sTI0DS8eiMnSoc79ondxjTzb3IZEE2dDnMgRRN1h8UfnBw==",
      "requires": {
        "path-to-regexp": "1.7.0"
      }
    },
    "@curi/react": {
      "version": "1.0.0-beta.5",
      "resolved": "https://registry.npmjs.org/@curi/react/-/react-1.0.0-beta.5.tgz",
      "integrity": "sha512-Zh0l5Zqju2uBUEzzzUzmoXv37Mp13JiZ+Yxhi+8dkL2A9j8hWCwl2FV3jp6LftBRkHQCTN0Y8DxKG+ISLJ34bw==",
      "requires": {
        "@curi/react-active": "1.0.0-beta.3",
        "@curi/react-block": "1.0.0-beta.3",
        "@curi/react-curious": "1.0.0-beta.3",
        "@curi/react-link": "1.0.0-beta.3",
        "@curi/react-navigator": "1.0.0-beta.3",
        "@curi/react-redirect": "1.0.0-beta.3"
      }
    },
    "@curi/react-active": {
      "version": "1.0.0-beta.3",
      "resolved": "https://registry.npmjs.org/@curi/react-active/-/react-active-1.0.0-beta.3.tgz",
      "integrity": "sha512-N9nSSZDFXhiuXUZjw7F1aoxRqKOyzIhWGl1XQYkHXi26KiLdpMg4G43XjF5yvGvUuv5PjweY7vBKi6ANor7WbQ==",
      "requires": {
        "@curi/addon-active": "1.0.0-beta.3",
        "invariant": "2.2.2",
        "prop-types": "15.5.10"
      },
      "dependencies": {
        "invariant": {
          "version": "2.2.2",
          "resolved": "https://registry.npmjs.org/invariant/-/invariant-2.2.2.tgz",
          "integrity": "sha1-nh9WrArNtr8wMwbzOL47IErmA2A=",
          "requires": {
            "loose-envify": "1.3.1"
          }
        },
        "js-tokens": {
          "version": "3.0.2",
          "resolved": "https://registry.npmjs.org/js-tokens/-/js-tokens-3.0.2.tgz",
          "integrity": "sha1-mGbfOVECEw449/mWvOtlRDIJwls="
        },
        "loose-envify": {
          "version": "1.3.1",
          "resolved": "https://registry.npmjs.org/loose-envify/-/loose-envify-1.3.1.tgz",
          "integrity": "sha1-0aitM/qc4OcT1l/dCsi3SNR4yEg=",
          "requires": {
            "js-tokens": "3.0.2"
          }
        }
      }
    },
    "@curi/react-block": {
      "version": "1.0.0-beta.3",
      "resolved": "https://registry.npmjs.org/@curi/react-block/-/react-block-1.0.0-beta.3.tgz",
      "integrity": "sha512-zwTCDmW43K+FoY+S5tBmoyNl/0iJx2WMKeBVGrj11ZjmVCtW2T8AD+6kamGJ5PfK5UDiYSNv1hTEzNK14sUZVA==",
      "requires": {
        "prop-types": "15.5.10"
      }
    },
    "@curi/react-curious": {
      "version": "1.0.0-beta.3",
      "resolved": "https://registry.npmjs.org/@curi/react-curious/-/react-curious-1.0.0-beta.3.tgz",
      "integrity": "sha512-7On6MgZ9VYtDqnxZonzbVGWRfPPNjQ5RQlMbh3dV0N3jFflqvJNPu3uDLtF+ocwc21nM9XroLn/xXap7NUT5xg==",
      "requires": {
        "hoist-non-react-statics": "1.2.0",
        "prop-types": "15.5.10"
      },
      "dependencies": {
        "hoist-non-react-statics": {
          "version": "1.2.0",
          "resolved": "https://registry.npmjs.org/hoist-non-react-statics/-/hoist-non-react-statics-1.2.0.tgz",
          "integrity": "sha1-qkSM8JhtVcxAdzsXF0t90GbLfPs="
        }
      }
    },
    "@curi/react-link": {
      "version": "1.0.0-beta.3",
      "resolved": "https://registry.npmjs.org/@curi/react-link/-/react-link-1.0.0-beta.3.tgz",
      "integrity": "sha512-LFfULg7428nCprFcJ9/uToUdTb/kV91cLNk8SbBYr4NZYNx9Bwjju7mzgZgx0csXAEjyJJ166Y80msIQaJ5owg==",
      "requires": {
        "invariant": "2.2.2",
        "prop-types": "15.5.10"
      },
      "dependencies": {
        "invariant": {
          "version": "2.2.2",
          "resolved": "https://registry.npmjs.org/invariant/-/invariant-2.2.2.tgz",
          "integrity": "sha1-nh9WrArNtr8wMwbzOL47IErmA2A=",
          "requires": {
            "loose-envify": "1.3.1"
          }
        },
        "js-tokens": {
          "version": "3.0.2",
          "resolved": "https://registry.npmjs.org/js-tokens/-/js-tokens-3.0.2.tgz",
          "integrity": "sha1-mGbfOVECEw449/mWvOtlRDIJwls="
        },
        "loose-envify": {
          "version": "1.3.1",
          "resolved": "https://registry.npmjs.org/loose-envify/-/loose-envify-1.3.1.tgz",
          "integrity": "sha1-0aitM/qc4OcT1l/dCsi3SNR4yEg=",
          "requires": {
            "js-tokens": "3.0.2"
          }
        }
      }
    },
    "@curi/react-navigator": {
      "version": "1.0.0-beta.3",
      "resolved": "https://registry.npmjs.org/@curi/react-navigator/-/react-navigator-1.0.0-beta.3.tgz",
      "integrity": "sha512-XDzvi4vTdIqq1s+ug2vMAr+vtV6RUt8uO8LUEuSJ9Ajotxg3xb+GNyA04YWqdYNTeuwbdwDS/UO5IvbCiqEvBg==",
      "requires": {
        "prop-types": "15.5.10"
      }
    },
    "@curi/react-redirect": {
      "version": "1.0.0-beta.3",
      "resolved": "https://registry.npmjs.org/@curi/react-redirect/-/react-redirect-1.0.0-beta.3.tgz",
      "integrity": "sha512-KLNVSmRwslk6yMdBdJwEisEc4OMkqw8iVWZBZoitYYhmH5Zbz1om15vtu3AHv3tBpvpzZijrbZ2Z69CJ8SdHtw==",
      "requires": {
        "prop-types": "15.5.10"
      }
    },
    "@hickory/hash": {
      "version": "1.0.0-beta.0",
      "resolved": "https://registry.npmjs.org/@hickory/hash/-/hash-1.0.0-beta.0.tgz",
      "integrity": "sha512-16kG70hwrFZMkzHzmaNyveuV9AQD+BLwwSyw4MPxyRqZo+v5FxRxxnk2BbT6NDzg2BRxNwiGSO0SuBwlKqGMww==",
      "requires": {
        "@hickory/location-utils": "1.0.0-beta.0",
        "@hickory/root": "1.0.0-beta.1"
      }
    },
    "@hickory/location-utils": {
      "version": "1.0.0-beta.0",
      "resolved": "https://registry.npmjs.org/@hickory/location-utils/-/location-utils-1.0.0-beta.0.tgz",
      "integrity": "sha512-qsgiGMgIIf3OoquXq8Zzkb8O4C0lQzGXeDRChP1otYLXu2LrfaAgl0ziJygzmzbYgq/RwyqsPsQhE2zF7yRJAw=="
    },
    "@hickory/root": {
      "version": "1.0.0-beta.1",
      "resolved": "https://registry.npmjs.org/@hickory/root/-/root-1.0.0-beta.1.tgz",
      "integrity": "sha512-vRBy7+AuBVEYDWo4vFUSXU/qqFYB7lwKxxMkqA7RF0P03dmMvjHLUf/z+P0aLJclNUAn4Uc6DDL7yRqG4H7mlQ==",
      "requires": {
        "@hickory/location-utils": "1.0.0-beta.0"
      }
    },
    "asap": {
      "version": "https://registry.npmjs.org/asap/-/asap-2.0.5.tgz",
      "integrity": "sha1-UidltQw1EEkOUtfc/ghe+bqWlY8="
    },
    "core-js": {
      "version": "https://registry.npmjs.org/core-js/-/core-js-1.2.7.tgz",
      "integrity": "sha1-ZSKUwUZR2yj6k70tX/KYOk8IxjY="
    },
    "create-react-class": {
      "version": "https://registry.npmjs.org/create-react-class/-/create-react-class-15.5.3.tgz",
      "integrity": "sha1-+w98rnkznpoXnhlO9Gbvo5I4IP4=",
      "requires": {
        "fbjs": "https://registry.npmjs.org/fbjs/-/fbjs-0.8.12.tgz",
        "loose-envify": "https://registry.npmjs.org/loose-envify/-/loose-envify-1.3.1.tgz",
        "object-assign": "https://registry.npmjs.org/object-assign/-/object-assign-4.1.1.tgz"
      }
    },
    "encoding": {
      "version": "https://registry.npmjs.org/encoding/-/encoding-0.1.12.tgz",
      "integrity": "sha1-U4tm8+5izRq1HsMjgp0flIDHS+s=",
      "requires": {
        "iconv-lite": "https://registry.npmjs.org/iconv-lite/-/iconv-lite-0.4.17.tgz"
      }
    },
    "fbjs": {
      "version": "https://registry.npmjs.org/fbjs/-/fbjs-0.8.12.tgz",
      "integrity": "sha1-ELXZL3bUVXX9Y6IX1OoCvqL47QQ=",
      "requires": {
        "core-js": "https://registry.npmjs.org/core-js/-/core-js-1.2.7.tgz",
        "isomorphic-fetch": "https://registry.npmjs.org/isomorphic-fetch/-/isomorphic-fetch-2.2.1.tgz",
        "loose-envify": "https://registry.npmjs.org/loose-envify/-/loose-envify-1.3.1.tgz",
        "object-assign": "https://registry.npmjs.org/object-assign/-/object-assign-4.1.1.tgz",
        "promise": "https://registry.npmjs.org/promise/-/promise-7.1.1.tgz",
        "setimmediate": "https://registry.npmjs.org/setimmediate/-/setimmediate-1.0.5.tgz",
        "ua-parser-js": "https://registry.npmjs.org/ua-parser-js/-/ua-parser-js-0.7.12.tgz"
      }
    },
    "hoist-non-react-statics": {
      "version": "https://registry.npmjs.org/hoist-non-react-statics/-/hoist-non-react-statics-1.2.0.tgz",
      "integrity": "sha1-qkSM8JhtVcxAdzsXF0t90GbLfPs="
    },
    "iconv-lite": {
      "version": "https://registry.npmjs.org/iconv-lite/-/iconv-lite-0.4.17.tgz",
      "integrity": "sha1-T9qjs4rLwsAxsEXQ7c3+HsqxjI0="
    },
    "invariant": {
      "version": "https://registry.npmjs.org/invariant/-/invariant-2.2.2.tgz",
      "integrity": "sha1-nh9WrArNtr8wMwbzOL47IErmA2A=",
      "requires": {
        "loose-envify": "https://registry.npmjs.org/loose-envify/-/loose-envify-1.3.1.tgz"
      }
    },
    "is-stream": {
      "version": "https://registry.npmjs.org/is-stream/-/is-stream-1.1.0.tgz",
      "integrity": "sha1-EtSj3U5o4Lec6428hBc66A2RykQ="
    },
    "isarray": {
      "version": "0.0.1",
      "resolved": "https://registry.npmjs.org/isarray/-/isarray-0.0.1.tgz",
      "integrity": "sha1-ihis/Kmo9Bd+Cav8YDiTmwXR7t8="
    },
    "isomorphic-fetch": {
      "version": "https://registry.npmjs.org/isomorphic-fetch/-/isomorphic-fetch-2.2.1.tgz",
      "integrity": "sha1-YRrhrPFPXoH3KVB0coGf6XM1WKk=",
      "requires": {
        "node-fetch": "https://registry.npmjs.org/node-fetch/-/node-fetch-1.6.3.tgz",
        "whatwg-fetch": "https://registry.npmjs.org/whatwg-fetch/-/whatwg-fetch-2.0.3.tgz"
      }
    },
    "js-tokens": {
      "version": "https://registry.npmjs.org/js-tokens/-/js-tokens-3.0.1.tgz",
      "integrity": "sha1-COnxMkhKLEWjCQfp3E1VZ7fxFNc="
    },
    "lodash": {
      "version": "https://registry.npmjs.org/lodash/-/lodash-4.17.4.tgz",
      "integrity": "sha1-eCA6TRwyiuHYbcpkYONptX9AVa4="
    },
    "lodash-es": {
      "version": "https://registry.npmjs.org/lodash-es/-/lodash-es-4.17.4.tgz",
      "integrity": "sha1-3MHXVS4VCgZABzupyzHXDwMpUOc="
    },
    "loose-envify": {
      "version": "https://registry.npmjs.org/loose-envify/-/loose-envify-1.3.1.tgz",
      "integrity": "sha1-0aitM/qc4OcT1l/dCsi3SNR4yEg=",
      "requires": {
        "js-tokens": "https://registry.npmjs.org/js-tokens/-/js-tokens-3.0.1.tgz"
      }
    },
    "node-fetch": {
      "version": "https://registry.npmjs.org/node-fetch/-/node-fetch-1.6.3.tgz",
      "integrity": "sha1-3CNO3WSJmC1Y6PDbT2lQKavNjAQ=",
      "requires": {
        "encoding": "https://registry.npmjs.org/encoding/-/encoding-0.1.12.tgz",
        "is-stream": "https://registry.npmjs.org/is-stream/-/is-stream-1.1.0.tgz"
      }
    },
    "object-assign": {
      "version": "https://registry.npmjs.org/object-assign/-/object-assign-4.1.1.tgz",
      "integrity": "sha1-IQmtx5ZYh8/AXLvUQsrIv7s2CGM="
    },
    "path-to-regexp": {
      "version": "1.7.0",
      "resolved": "https://registry.npmjs.org/path-to-regexp/-/path-to-regexp-1.7.0.tgz",
      "integrity": "sha1-Wf3g9DW62suhA6hOnTvGTpa5k30=",
      "requires": {
        "isarray": "0.0.1"
      }
    },
    "promise": {
      "version": "https://registry.npmjs.org/promise/-/promise-7.1.1.tgz",
      "integrity": "sha1-SJZUxpJha4qlWwck+oCbt9tJxb8=",
      "requires": {
        "asap": "https://registry.npmjs.org/asap/-/asap-2.0.5.tgz"
      }
    },
    "prop-types": {
      "version": "15.5.10",
      "resolved": "https://registry.npmjs.org/prop-types/-/prop-types-15.5.10.tgz",
      "integrity": "sha1-J5ffwxJhguOpXj37suiT3ddFYVQ=",
      "requires": {
        "fbjs": "0.8.14",
        "loose-envify": "1.3.1"
      },
      "dependencies": {
        "asap": {
          "version": "2.0.6",
          "resolved": "https://registry.npmjs.org/asap/-/asap-2.0.6.tgz",
          "integrity": "sha1-5QNHYR1+aQlDIIu9r+vLwvuGbUY="
        },
        "core-js": {
          "version": "1.2.7",
          "resolved": "https://registry.npmjs.org/core-js/-/core-js-1.2.7.tgz",
          "integrity": "sha1-ZSKUwUZR2yj6k70tX/KYOk8IxjY="
        },
        "encoding": {
          "version": "0.1.12",
          "resolved": "https://registry.npmjs.org/encoding/-/encoding-0.1.12.tgz",
          "integrity": "sha1-U4tm8+5izRq1HsMjgp0flIDHS+s=",
          "requires": {
            "iconv-lite": "0.4.18"
          }
        },
        "fbjs": {
          "version": "0.8.14",
          "resolved": "https://registry.npmjs.org/fbjs/-/fbjs-0.8.14.tgz",
          "integrity": "sha1-0dviviVMNakeCfMfnNUKQLKg7Rw=",
          "requires": {
            "core-js": "1.2.7",
            "isomorphic-fetch": "2.2.1",
            "loose-envify": "1.3.1",
            "object-assign": "4.1.1",
            "promise": "7.3.1",
            "setimmediate": "1.0.5",
            "ua-parser-js": "0.7.14"
          }
        },
        "iconv-lite": {
          "version": "0.4.18",
          "resolved": "https://registry.npmjs.org/iconv-lite/-/iconv-lite-0.4.18.tgz",
          "integrity": "sha512-sr1ZQph3UwHTR0XftSbK85OvBbxe/abLGzEnPENCQwmHf7sck8Oyu4ob3LgBxWWxRoM+QszeUyl7jbqapu2TqA=="
        },
        "is-stream": {
          "version": "1.1.0",
          "resolved": "https://registry.npmjs.org/is-stream/-/is-stream-1.1.0.tgz",
          "integrity": "sha1-EtSj3U5o4Lec6428hBc66A2RykQ="
        },
        "isomorphic-fetch": {
          "version": "2.2.1",
          "resolved": "https://registry.npmjs.org/isomorphic-fetch/-/isomorphic-fetch-2.2.1.tgz",
          "integrity": "sha1-YRrhrPFPXoH3KVB0coGf6XM1WKk=",
          "requires": {
            "node-fetch": "1.7.1",
            "whatwg-fetch": "2.0.3"
          }
        },
        "js-tokens": {
          "version": "3.0.2",
          "resolved": "https://registry.npmjs.org/js-tokens/-/js-tokens-3.0.2.tgz",
          "integrity": "sha1-mGbfOVECEw449/mWvOtlRDIJwls="
        },
        "loose-envify": {
          "version": "1.3.1",
          "resolved": "https://registry.npmjs.org/loose-envify/-/loose-envify-1.3.1.tgz",
          "integrity": "sha1-0aitM/qc4OcT1l/dCsi3SNR4yEg=",
          "requires": {
            "js-tokens": "3.0.2"
          }
        },
        "node-fetch": {
          "version": "1.7.1",
          "resolved": "https://registry.npmjs.org/node-fetch/-/node-fetch-1.7.1.tgz",
          "integrity": "sha512-j8XsFGCLw79vWXkZtMSmmLaOk9z5SQ9bV/tkbZVCqvgwzrjAGq66igobLofHtF63NvMTp2WjytpsNTGKa+XRIQ==",
          "requires": {
            "encoding": "0.1.12",
            "is-stream": "1.1.0"
          }
        },
        "object-assign": {
          "version": "4.1.1",
          "resolved": "https://registry.npmjs.org/object-assign/-/object-assign-4.1.1.tgz",
          "integrity": "sha1-IQmtx5ZYh8/AXLvUQsrIv7s2CGM="
        },
        "promise": {
          "version": "7.3.1",
          "resolved": "https://registry.npmjs.org/promise/-/promise-7.3.1.tgz",
          "integrity": "sha512-nolQXZ/4L+bP/UGlkfaIujX9BKxGwmQ9OT4mOt5yvy8iK1h3wqTEJCijzGANTCCl9nWjY41juyAn2K3Q1hLLTg==",
          "requires": {
            "asap": "2.0.6"
          }
        },
        "setimmediate": {
          "version": "1.0.5",
          "resolved": "https://registry.npmjs.org/setimmediate/-/setimmediate-1.0.5.tgz",
          "integrity": "sha1-KQy7Iy4waULX1+qbg3Mqt4VvgoU="
        },
        "ua-parser-js": {
          "version": "0.7.14",
          "resolved": "https://registry.npmjs.org/ua-parser-js/-/ua-parser-js-0.7.14.tgz",
          "integrity": "sha1-EQ1T+kw/MmwSEpK76skE0uAzh8o="
        },
        "whatwg-fetch": {
          "version": "2.0.3",
          "resolved": "https://registry.npmjs.org/whatwg-fetch/-/whatwg-fetch-2.0.3.tgz",
          "integrity": "sha1-nITsLc9oGH/wC8ZOEnS0QhduHIQ="
        }
      }
    },
    "react": {
      "version": "15.6.1",
      "resolved": "https://registry.npmjs.org/react/-/react-15.6.1.tgz",
      "integrity": "sha1-uqhDTsZ4C96ZfNw4C3nNM7ljk98=",
      "requires": {
        "create-react-class": "15.6.0",
        "fbjs": "https://registry.npmjs.org/fbjs/-/fbjs-0.8.12.tgz",
        "loose-envify": "https://registry.npmjs.org/loose-envify/-/loose-envify-1.3.1.tgz",
        "object-assign": "https://registry.npmjs.org/object-assign/-/object-assign-4.1.1.tgz",
        "prop-types": "15.5.10"
      },
      "dependencies": {
        "create-react-class": {
          "version": "15.6.0",
          "resolved": "https://registry.npmjs.org/create-react-class/-/create-react-class-15.6.0.tgz",
          "integrity": "sha1-q0SEl8JlZuHilBPogyB9V8/nvtQ=",
          "requires": {
            "fbjs": "https://registry.npmjs.org/fbjs/-/fbjs-0.8.12.tgz",
            "loose-envify": "https://registry.npmjs.org/loose-envify/-/loose-envify-1.3.1.tgz",
            "object-assign": "https://registry.npmjs.org/object-assign/-/object-assign-4.1.1.tgz"
          }
        },
        "prop-types": {
          "version": "15.5.10",
          "resolved": "https://registry.npmjs.org/prop-types/-/prop-types-15.5.10.tgz",
          "integrity": "sha1-J5ffwxJhguOpXj37suiT3ddFYVQ=",
          "requires": {
            "fbjs": "https://registry.npmjs.org/fbjs/-/fbjs-0.8.12.tgz",
            "loose-envify": "https://registry.npmjs.org/loose-envify/-/loose-envify-1.3.1.tgz"
          }
        }
      }
    },
    "react-dom": {
      "version": "15.6.1",
      "resolved": "https://registry.npmjs.org/react-dom/-/react-dom-15.6.1.tgz",
      "integrity": "sha1-LLDtQZEDjlPCCes6eaI+Kkz5lHA=",
      "requires": {
        "fbjs": "https://registry.npmjs.org/fbjs/-/fbjs-0.8.12.tgz",
        "loose-envify": "https://registry.npmjs.org/loose-envify/-/loose-envify-1.3.1.tgz",
        "object-assign": "https://registry.npmjs.org/object-assign/-/object-assign-4.1.1.tgz",
        "prop-types": "15.5.10"
      },
      "dependencies": {
        "prop-types": {
          "version": "15.5.10",
          "resolved": "https://registry.npmjs.org/prop-types/-/prop-types-15.5.10.tgz",
          "integrity": "sha1-J5ffwxJhguOpXj37suiT3ddFYVQ=",
          "requires": {
            "fbjs": "https://registry.npmjs.org/fbjs/-/fbjs-0.8.12.tgz",
            "loose-envify": "https://registry.npmjs.org/loose-envify/-/loose-envify-1.3.1.tgz"
          }
        }
      }
    },
    "react-redux": {
      "version": "5.0.5",
      "resolved": "https://registry.npmjs.org/react-redux/-/react-redux-5.0.5.tgz",
      "integrity": "sha1-+OjHsjlCJXblLWt9sGQ5RpvphGo=",
      "requires": {
        "create-react-class": "https://registry.npmjs.org/create-react-class/-/create-react-class-15.5.3.tgz",
        "hoist-non-react-statics": "https://registry.npmjs.org/hoist-non-react-statics/-/hoist-non-react-statics-1.2.0.tgz",
        "invariant": "https://registry.npmjs.org/invariant/-/invariant-2.2.2.tgz",
        "lodash": "https://registry.npmjs.org/lodash/-/lodash-4.17.4.tgz",
        "lodash-es": "https://registry.npmjs.org/lodash-es/-/lodash-es-4.17.4.tgz",
        "loose-envify": "https://registry.npmjs.org/loose-envify/-/loose-envify-1.3.1.tgz",
        "prop-types": "15.5.10"
      },
      "dependencies": {
        "prop-types": {
          "version": "15.5.10",
          "resolved": "https://registry.npmjs.org/prop-types/-/prop-types-15.5.10.tgz",
          "integrity": "sha1-J5ffwxJhguOpXj37suiT3ddFYVQ=",
          "requires": {
            "fbjs": "https://registry.npmjs.org/fbjs/-/fbjs-0.8.12.tgz",
            "loose-envify": "https://registry.npmjs.org/loose-envify/-/loose-envify-1.3.1.tgz"
          }
        }
      }
    },
    "redux": {
      "version": "3.7.0",
      "resolved": "https://registry.npmjs.org/redux/-/redux-3.7.0.tgz",
      "integrity": "sha512-GHjaOkEQtQnnuLoYPFkRKHIqs1i1tdTlisu/xUHfk2juzCobSy4STxs4Lz5bPkc07Owb6BeGKx/r76c9IVTkOw==",
      "requires": {
        "lodash": "https://registry.npmjs.org/lodash/-/lodash-4.17.4.tgz",
        "lodash-es": "https://registry.npmjs.org/lodash-es/-/lodash-es-4.17.4.tgz",
        "loose-envify": "https://registry.npmjs.org/loose-envify/-/loose-envify-1.3.1.tgz",
        "symbol-observable": "https://registry.npmjs.org/symbol-observable/-/symbol-observable-1.0.4.tgz"
      }
    },
    "setimmediate": {
      "version": "https://registry.npmjs.org/setimmediate/-/setimmediate-1.0.5.tgz",
      "integrity": "sha1-KQy7Iy4waULX1+qbg3Mqt4VvgoU="
    },
    "symbol-observable": {
      "version": "https://registry.npmjs.org/symbol-observable/-/symbol-observable-1.0.4.tgz",
      "integrity": "sha1-Kb9hXUqnEhvdiYsi1LP5vE4qoD0="
    },
    "ua-parser-js": {
      "version": "https://registry.npmjs.org/ua-parser-js/-/ua-parser-js-0.7.12.tgz",
      "integrity": "sha1-BMgamb3V3FImPqKdJMa/jUgYpLs="
    },
    "whatwg-fetch": {
      "version": "https://registry.npmjs.org/whatwg-fetch/-/whatwg-fetch-2.0.3.tgz",
      "integrity": "sha1-nITsLc9oGH/wC8ZOEnS0QhduHIQ="
    }
  }
}
