{
  "name": "@curi-example/async-nav-svelte",
  "requires": true,
  "lockfileVersion": 1,
  "dependencies": {
    "svelte": {
      "version": "3.23.2",
      "resolved": "https://registry.npmjs.org/svelte/-/svelte-3.23.2.tgz",
      "integrity": "sha512-hE8GeTM83YVR4GY6/6PeDEcGct4JS5aCi+IYbCAa76oaPSfuF7L85DQYULQxlTK/KPWzw3L1GRGmC3oPG/PQoA==",
      "dev": true
    }
  }
}
