{
	"name": "@curi-example/async-nav-svelte",
	"requires": true,
	"lockfileVersion": 1,
	"dependencies": {
		"svelte": {
			"version": "2.15.3",
			"resolved": "https://registry.npmjs.org/svelte/-/svelte-2.15.3.tgz",
			"integrity": "sha512-0bKpXppM/YlPZ8F0mREaUYpE8Te11RvG62ttFr+n1U3G2qdr3cZzuXCnQMcVZukwAUJAjRM55OSH7FLmXnPGRA==",
			"dev": true
		}
	}
}
