{
  "name": "@curi-example/active-links-svelte",
  "requires": true,
  "lockfileVersion": 1,
  "dependencies": {
    "@curi/interactions": {
      "version": "2.0.1",
      "resolved": "https://registry.npmjs.org/@curi/interactions/-/interactions-2.0.1.tgz",
      "integrity": "sha512-TWrDgv6iBRtlUWRv8QZmAX2MmTKYGfAWEK1KzhtVPhosZC9g+l/hz9/GDlJ71VDJHNdp/G39ItT8BB+ZGvkX+g==",
      "dev": true,
      "requires": {
        "@curi/types": "^2.0.1",
        "@hickory/root": "^2.1.0"
      }
    },
    "@curi/types": {
      "version": "2.0.1",
      "resolved": "https://registry.npmjs.org/@curi/types/-/types-2.0.1.tgz",
      "integrity": "sha512-6O1fz1wuGfxILabocyABxB80Dcl5zFcelyRW2e5Xxis0v3uBQj4tXp/LNc8P9RQ3DXvXNVwYNNZ9vbyB19cYJQ==",
      "dev": true,
      "requires": {
        "@hickory/root": "^2.1.0",
        "path-to-regexp": "^2.1.0"
      }
    },
    "@hickory/location-utils": {
      "version": "2.1.0",
      "resolved": "https://registry.npmjs.org/@hickory/location-utils/-/location-utils-2.1.0.tgz",
      "integrity": "sha512-+PKHZ9fEbNAnnUzwk6RynvoQcW3/v8aw6jz1MHnSrdGM0lngiWrDQf1G78YFCIvcEm/FqAphmg7Nl8Cz7vaV6w==",
      "dev": true
    },
    "@hickory/root": {
      "version": "2.1.0",
      "resolved": "https://registry.npmjs.org/@hickory/root/-/root-2.1.0.tgz",
      "integrity": "sha512-vRy4yadZp7mP47K8hpFpNKg3Ocxsmv+ezO9l4F7+GcscpD1JJiNLCnUNVuw+XIqUjuNvcyBoH8ToiEJCxWvvdA==",
      "dev": true,
      "requires": {
        "@hickory/location-utils": "^2.1.0"
      }
    },
    "path-to-regexp": {
      "version": "2.4.0",
      "resolved": "https://registry.npmjs.org/path-to-regexp/-/path-to-regexp-2.4.0.tgz",
      "integrity": "sha512-G6zHoVqC6GGTQkZwF4lkuEyMbVOjoBKAEybQUypI1WTkqinCOrq2x6U2+phkJ1XsEMTy4LjtwPI7HW+NVrRR2w==",
      "dev": true
    },
    "svelte": {
      "version": "3.23.2",
      "resolved": "https://registry.npmjs.org/svelte/-/svelte-3.23.2.tgz",
      "integrity": "sha512-hE8GeTM83YVR4GY6/6PeDEcGct4JS5aCi+IYbCAa76oaPSfuF7L85DQYULQxlTK/KPWzw3L1GRGmC3oPG/PQoA==",
      "dev": true
    }
  }
}
