{
	"name": "@curi-example/async-nav-vue",
	"requires": true,
	"lockfileVersion": 1,
	"dependencies": {
		"@curi/helpers": {
			"version": "1.0.0",
			"resolved": "https://registry.npmjs.org/@curi/helpers/-/helpers-1.0.0.tgz",
			"integrity": "sha512-Hk3O+f5K7eDYm8LKoiMfjqMszUZvpa0GvSd3vyCev5AdlunyXmLrZrK+nhliqhTLxIyLbnvQZroRHHQ5XOA6JQ=="
		},
		"@curi/router": {
			"version": "1.1.0",
			"resolved": "https://registry.npmjs.org/@curi/router/-/router-1.1.0.tgz",
			"integrity": "sha512-RK2eEzqFQPtCifZI24lHLj/OoNBy8nyJJE+Z4XbqKwFJFNWqhiOntrhNWRO2Gw+4bjT0Gr7lFECl9t4MaSfE0A==",
			"requires": {
				"@curi/helpers": "^1.0.0",
				"@hickory/root": "^1.0.0",
				"path-to-regexp": "^2.1.0"
			}
		},
		"@curi/vue": {
			"version": "1.0.0-beta.25",
			"resolved": "https://registry.npmjs.org/@curi/vue/-/vue-1.0.0-beta.25.tgz",
			"integrity": "sha512-PE8ZLMbGZiCmxPXW3wqpD4ImCyUgYJqJp5lrEl4JXph3GWNgv2Oh7yZZtbD7mcZOwgqyksbXZSBxn+PmRvdotQ==",
			"requires": {
				"@curi/router": "^1.0.4",
				"@hickory/root": "^1.0.0"
			}
		},
		"@hickory/browser": {
			"version": "1.0.2",
			"resolved": "https://registry.npmjs.org/@hickory/browser/-/browser-1.0.2.tgz",
			"integrity": "sha512-U7/kSaCuZQam9fZWj8rNDDKKkDUCDJg+xnpWziwPjOTN8jMxK+cUYBY3xt8q8tg3Zpv5Gj28M/pEpHWVfSK/Ug==",
			"requires": {
				"@hickory/dom-utils": "^1.0.2",
				"@hickory/root": "^1.0.2"
			}
		},
		"@hickory/dom-utils": {
			"version": "1.0.2",
			"resolved": "https://registry.npmjs.org/@hickory/dom-utils/-/dom-utils-1.0.2.tgz",
			"integrity": "sha512-m5kTRWPAshAPUUvw/dZQj/TSGhLvn5pTYkFTQaC5bkItuzXu47w22JkQuNHPShTjxt0xCFHIGe/vCYdb8i5+7g=="
		},
		"@hickory/location-utils": {
			"version": "1.0.2",
			"resolved": "https://registry.npmjs.org/@hickory/location-utils/-/location-utils-1.0.2.tgz",
			"integrity": "sha512-6aFLOGADMu3u7M2KTOp2UzteR+WG+rAf+B2qeUkGpT1LvFuCUC/1NiQJqG098sL3A2OlOAweJic9PmayemuQ4Q=="
		},
		"@hickory/root": {
			"version": "1.0.2",
			"resolved": "https://registry.npmjs.org/@hickory/root/-/root-1.0.2.tgz",
			"integrity": "sha512-YL0JT/kd0Bj3wBqXOVT4eDYXFFrBxU0xsbigFTTJL//+eIKjB95gXvx4CEzV9FCLGvEsOcemZqHuxdr8PNN2yA==",
			"requires": {
				"@hickory/location-utils": "^1.0.2"
			}
		},
		"epic-spinners": {
			"version": "1.0.4",
			"resolved": "https://registry.npmjs.org/epic-spinners/-/epic-spinners-1.0.4.tgz",
			"integrity": "sha512-oCcAN0/GrAlERMYBaMpjEQCfaqUyyAGZnHv8jad9W2EwKrxeGCRp4sjKezGB/m+quJ8ZWGNQZKHiCAA1GSUWJw=="
		},
		"path-to-regexp": {
			"version": "2.4.0",
			"resolved": "https://registry.npmjs.org/path-to-regexp/-/path-to-regexp-2.4.0.tgz",
			"integrity": "sha512-G6zHoVqC6GGTQkZwF4lkuEyMbVOjoBKAEybQUypI1WTkqinCOrq2x6U2+phkJ1XsEMTy4LjtwPI7HW+NVrRR2w=="
		},
		"vue": {
			"version": "2.5.22",
			"resolved": "https://registry.npmjs.org/vue/-/vue-2.5.22.tgz",
			"integrity": "sha512-pxY3ZHlXNJMFQbkjEgGVMaMMkSV1ONpz+4qB55kZuJzyJOhn6MSy/YZdzhdnumegNzVTL/Dn3Pp4UrVBYt1j/g=="
		}
	}
}
