{
	"name": "@curi-example/breadcrumbs-svelte",
	"requires": true,
	"lockfileVersion": 1,
	"dependencies": {
		"@curi/helpers": {
			"version": "1.0.0",
			"resolved": "https://registry.npmjs.org/@curi/helpers/-/helpers-1.0.0.tgz",
			"integrity": "sha512-Hk3O+f5K7eDYm8LKoiMfjqMszUZvpa0GvSd3vyCev5AdlunyXmLrZrK+nhliqhTLxIyLbnvQZroRHHQ5XOA6JQ=="
		},
		"@curi/route-ancestors": {
			"version": "1.1.0",
			"resolved": "https://registry.npmjs.org/@curi/route-ancestors/-/route-ancestors-1.1.0.tgz",
			"integrity": "sha512-tE2f1fq1TArS3Q7g8MzpokQZSqQOkPehGj3CMzFErnTGcEk0jhCY6VxIqPeB5jkh/tLfDviyTPvmQE4vgvdeSA==",
			"requires": {
				"@curi/router": "^1.1.0"
			}
		},
		"@curi/router": {
			"version": "1.1.0",
			"resolved": "https://registry.npmjs.org/@curi/router/-/router-1.1.0.tgz",
			"integrity": "sha512-RK2eEzqFQPtCifZI24lHLj/OoNBy8nyJJE+Z4XbqKwFJFNWqhiOntrhNWRO2Gw+4bjT0Gr7lFECl9t4MaSfE0A==",
			"requires": {
				"@curi/helpers": "^1.0.0",
				"@hickory/root": "^1.0.0",
				"path-to-regexp": "^2.1.0"
			}
		},
		"@curi/svelte": {
			"version": "1.0.0-beta.12",
			"resolved": "https://registry.npmjs.org/@curi/svelte/-/svelte-1.0.0-beta.12.tgz",
			"integrity": "sha512-9nnZeXcJ586s+9jv9giyMITmk23CK+yWEEgkkrKmK8wZubQKIiW2dITvsQQ7qb60IoY7aHbwpuqIEH5Y8HTr7g==",
			"requires": {
				"svelte": "^2.4.3"
			}
		},
		"@hickory/browser": {
			"version": "1.0.2",
			"resolved": "https://registry.npmjs.org/@hickory/browser/-/browser-1.0.2.tgz",
			"integrity": "sha512-U7/kSaCuZQam9fZWj8rNDDKKkDUCDJg+xnpWziwPjOTN8jMxK+cUYBY3xt8q8tg3Zpv5Gj28M/pEpHWVfSK/Ug==",
			"requires": {
				"@hickory/dom-utils": "^1.0.2",
				"@hickory/root": "^1.0.2"
			}
		},
		"@hickory/dom-utils": {
			"version": "1.0.2",
			"resolved": "https://registry.npmjs.org/@hickory/dom-utils/-/dom-utils-1.0.2.tgz",
			"integrity": "sha512-m5kTRWPAshAPUUvw/dZQj/TSGhLvn5pTYkFTQaC5bkItuzXu47w22JkQuNHPShTjxt0xCFHIGe/vCYdb8i5+7g=="
		},
		"@hickory/location-utils": {
			"version": "1.0.2",
			"resolved": "https://registry.npmjs.org/@hickory/location-utils/-/location-utils-1.0.2.tgz",
			"integrity": "sha512-6aFLOGADMu3u7M2KTOp2UzteR+WG+rAf+B2qeUkGpT1LvFuCUC/1NiQJqG098sL3A2OlOAweJic9PmayemuQ4Q=="
		},
		"@hickory/root": {
			"version": "1.0.2",
			"resolved": "https://registry.npmjs.org/@hickory/root/-/root-1.0.2.tgz",
			"integrity": "sha512-YL0JT/kd0Bj3wBqXOVT4eDYXFFrBxU0xsbigFTTJL//+eIKjB95gXvx4CEzV9FCLGvEsOcemZqHuxdr8PNN2yA==",
			"requires": {
				"@hickory/location-utils": "^1.0.2"
			}
		},
		"path-to-regexp": {
			"version": "2.4.0",
			"resolved": "https://registry.npmjs.org/path-to-regexp/-/path-to-regexp-2.4.0.tgz",
			"integrity": "sha512-G6zHoVqC6GGTQkZwF4lkuEyMbVOjoBKAEybQUypI1WTkqinCOrq2x6U2+phkJ1XsEMTy4LjtwPI7HW+NVrRR2w=="
		},
		"svelte": {
			"version": "2.16.0",
			"resolved": "https://registry.npmjs.org/svelte/-/svelte-2.16.0.tgz",
			"integrity": "sha512-1x1zCZpNnuwQdH+9tTeM0QYv33TVEFIxrrd88Mv80EcaomIlA9IvFLIThc8OFsCMHwrjllbIRNmsVfwlOxI7MA=="
		}
	}
}
