{
	"name": "@curi-example/breadcrumbs-vue",
	"requires": true,
	"lockfileVersion": 1,
	"dependencies": {
		"vue": {
			"version": "2.5.21",
			"resolved": "https://registry.npmjs.org/vue/-/vue-2.5.21.tgz",
			"integrity": "sha512-Aejvyyfhn0zjVeLvXd70h4hrE4zZDx1wfZqia6ekkobLmUZ+vNFQer53B4fu0EjWBSiqApxPejzkO1Znt3joxQ=="
		}
	}
}
